
Microsoft Visual Studio Solution File, Format Version 12.00
# Visual Studio Version 17
VisualStudioVersion = 17.14.36414.22 d17.14
MinimumVisualStudioVersion = 10.0.40219.1
Project("{2150E333-8FDC-42A3-9474-1A3956D46DE8}") = "1. Presentacion", "1. Presentacion", "{02EA681E-C7D8-13C7-8484-4AC65E1B71E8}"
EndProject
Project("{2150E333-8FDC-42A3-9474-1A3956D46DE8}") = "2. Dominio", "2. Dominio", "{B1FCE897-ACD1-4C19-9338-61DFA3B484A4}"
EndProject
Project("{2150E333-8FDC-42A3-9474-1A3956D46DE8}") = "3. Datos", "3. Datos", "{11D9CF35-7B1C-41CD-BA52-69816B1DC453}"
EndProject
Project("{FAE04EC0-301F-11D3-BF4B-00C04F79EFBC}") = "Ferreteria", "Ferreteria\Ferreteria.csproj", "{97FA2757-349E-4F3C-8E31-7554B4E2EAAB}"
EndProject
Project("{2150E333-8FDC-42A3-9474-1A3956D46DE8}") = "Entidades", "Entidades", "{E223C919-1903-4FAF-A6A3-E6D63F784E8F}"
EndProject
Project("{2150E333-8FDC-42A3-9474-1A3956D46DE8}") = "Logica", "Logica", "{CAC581D3-7F6D-4419-BB7B-FA37FC7F86BC}"
EndProject
Project("{2150E333-8FDC-42A3-9474-1A3956D46DE8}") = "Mapper", "Mapper", "{FAF7383E-3E37-4CC2-B14F-3D9C76CA3386}"
EndProject
Project("{2150E333-8FDC-42A3-9474-1A3956D46DE8}") = "AccesoDatos", "AccesoDatos", "{EEEF45DC-AE50-487C-862A-CE62A6A5E33D}"
EndProject
Project("{2150E333-8FDC-42A3-9474-1A3956D46DE8}") = "Data", "Data", "{04315836-E208-446A-9E8A-6054DCCB8516}"
EndProject
Project("{FAE04EC0-301F-11D3-BF4B-00C04F79EFBC}") = "Entidad", "Entidad\Entidad.csproj", "{E513C880-E214-486B-89FA-ECE28FF311C5}"
EndProject
Project("{FAE04EC0-301F-11D3-BF4B-00C04F79EFBC}") = "BL", "BL\BL.csproj", "{2ED606F8-DDD9-4F25-9CAD-9042AF2343CA}"
EndProject
Project("{FAE04EC0-301F-11D3-BF4B-00C04F79EFBC}") = "Mapper", "Mapper\Mapper.csproj", "{7815CFE4-BC94-4803-8105-A8028D509E9D}"
EndProject
Project("{FAE04EC0-301F-11D3-BF4B-00C04F79EFBC}") = "Acceso", "Acceso\Acceso.csproj", "{2194B7B2-ABD4-4E43-94FF-101F83DD6322}"
EndProject
Project("{FAE04EC0-301F-11D3-BF4B-00C04F79EFBC}") = "Data", "Data\Data.csproj", "{8BD94DE0-8595-440B-9BF5-B758ED640300}"
EndProject
Global
	GlobalSection(SolutionConfigurationPlatforms) = preSolution
		Debug|Any CPU = Debug|Any CPU
		Release|Any CPU = Release|Any CPU
	EndGlobalSection
	GlobalSection(ProjectConfigurationPlatforms) = postSolution
		{97FA2757-349E-4F3C-8E31-7554B4E2EAAB}.Debug|Any CPU.ActiveCfg = Debug|Any CPU
		{97FA2757-349E-4F3C-8E31-7554B4E2EAAB}.Debug|Any CPU.Build.0 = Debug|Any CPU
		{97FA2757-349E-4F3C-8E31-7554B4E2EAAB}.Release|Any CPU.ActiveCfg = Release|Any CPU
		{97FA2757-349E-4F3C-8E31-7554B4E2EAAB}.Release|Any CPU.Build.0 = Release|Any CPU
		{E513C880-E214-486B-89FA-ECE28FF311C5}.Debug|Any CPU.ActiveCfg = Debug|Any CPU
		{E513C880-E214-486B-89FA-ECE28FF311C5}.Debug|Any CPU.Build.0 = Debug|Any CPU
		{E513C880-E214-486B-89FA-ECE28FF311C5}.Release|Any CPU.ActiveCfg = Release|Any CPU
		{E513C880-E214-486B-89FA-ECE28FF311C5}.Release|Any CPU.Build.0 = Release|Any CPU
		{2ED606F8-DDD9-4F25-9CAD-9042AF2343CA}.Debug|Any CPU.ActiveCfg = Debug|Any CPU
		{2ED606F8-DDD9-4F25-9CAD-9042AF2343CA}.Debug|Any CPU.Build.0 = Debug|Any CPU
		{2ED606F8-DDD9-4F25-9CAD-9042AF2343CA}.Release|Any CPU.ActiveCfg = Release|Any CPU
		{2ED606F8-DDD9-4F25-9CAD-9042AF2343CA}.Release|Any CPU.Build.0 = Release|Any CPU
		{7815CFE4-BC94-4803-8105-A8028D509E9D}.Debug|Any CPU.ActiveCfg = Debug|Any CPU
		{7815CFE4-BC94-4803-8105-A8028D509E9D}.Debug|Any CPU.Build.0 = Debug|Any CPU
		{7815CFE4-BC94-4803-8105-A8028D509E9D}.Release|Any CPU.ActiveCfg = Release|Any CPU
		{7815CFE4-BC94-4803-8105-A8028D509E9D}.Release|Any CPU.Build.0 = Release|Any CPU
		{2194B7B2-ABD4-4E43-94FF-101F83DD6322}.Debug|Any CPU.ActiveCfg = Debug|Any CPU
		{2194B7B2-ABD4-4E43-94FF-101F83DD6322}.Debug|Any CPU.Build.0 = Debug|Any CPU
		{2194B7B2-ABD4-4E43-94FF-101F83DD6322}.Release|Any CPU.ActiveCfg = Release|Any CPU
		{2194B7B2-ABD4-4E43-94FF-101F83DD6322}.Release|Any CPU.Build.0 = Release|Any CPU
		{8BD94DE0-8595-440B-9BF5-B758ED640300}.Debug|Any CPU.ActiveCfg = Debug|Any CPU
		{8BD94DE0-8595-440B-9BF5-B758ED640300}.Debug|Any CPU.Build.0 = Debug|Any CPU
		{8BD94DE0-8595-440B-9BF5-B758ED640300}.Release|Any CPU.ActiveCfg = Release|Any CPU
		{8BD94DE0-8595-440B-9BF5-B758ED640300}.Release|Any CPU.Build.0 = Release|Any CPU
	EndGlobalSection
	GlobalSection(SolutionProperties) = preSolution
		HideSolutionNode = FALSE
	EndGlobalSection
	GlobalSection(NestedProjects) = preSolution
		{97FA2757-349E-4F3C-8E31-7554B4E2EAAB} = {02EA681E-C7D8-13C7-8484-4AC65E1B71E8}
		{E223C919-1903-4FAF-A6A3-E6D63F784E8F} = {B1FCE897-ACD1-4C19-9338-61DFA3B484A4}
		{CAC581D3-7F6D-4419-BB7B-FA37FC7F86BC} = {B1FCE897-ACD1-4C19-9338-61DFA3B484A4}
		{FAF7383E-3E37-4CC2-B14F-3D9C76CA3386} = {B1FCE897-ACD1-4C19-9338-61DFA3B484A4}
		{EEEF45DC-AE50-487C-862A-CE62A6A5E33D} = {11D9CF35-7B1C-41CD-BA52-69816B1DC453}
		{04315836-E208-446A-9E8A-6054DCCB8516} = {11D9CF35-7B1C-41CD-BA52-69816B1DC453}
		{E513C880-E214-486B-89FA-ECE28FF311C5} = {E223C919-1903-4FAF-A6A3-E6D63F784E8F}
		{2ED606F8-DDD9-4F25-9CAD-9042AF2343CA} = {CAC581D3-7F6D-4419-BB7B-FA37FC7F86BC}
		{7815CFE4-BC94-4803-8105-A8028D509E9D} = {FAF7383E-3E37-4CC2-B14F-3D9C76CA3386}
		{2194B7B2-ABD4-4E43-94FF-101F83DD6322} = {EEEF45DC-AE50-487C-862A-CE62A6A5E33D}
		{8BD94DE0-8595-440B-9BF5-B758ED640300} = {04315836-E208-446A-9E8A-6054DCCB8516}
	EndGlobalSection
	GlobalSection(ExtensibilityGlobals) = postSolution
		SolutionGuid = {9C8070CD-2101-470D-BFE8-AFBE5827F89F}
	EndGlobalSection
EndGlobal
